// !$*UTF8*$!
{
	archiveVersion = 1;
	classes = {
	};
	objectVersion = 56;
	objects = {

/* Begin PBXBuildFile section */
		450268062A5C888500292A69 /* R_ImpactApp.swift in Sources */ = {isa = PBXBuildFile; fileRef = 450268052A5C888500292A69 /* R_ImpactApp.swift */; };
		450268082A5C888500292A69 /* ContentView.swift in Sources */ = {isa = PBXBuildFile; fileRef = 450268072A5C888500292A69 /* ContentView.swift */; };
		4502680A2A5C888700292A69 /* Assets.xcassets in Resources */ = {isa = PBXBuildFile; fileRef = 450268092A5C888700292A69 /* Assets.xcassets */; };
		4502680D2A5C888700292A69 /* Preview Assets.xcassets in Resources */ = {isa = PBXBuildFile; fileRef = 4502680C2A5C888700292A69 /* Preview Assets.xcassets */; };
		450268142A5C88D300292A69 /* homePage.swift in Sources */ = {isa = PBXBuildFile; fileRef = 450268132A5C88D300292A69 /* homePage.swift */; };
		450268162A5C88E200292A69 /* forumPage.swift in Sources */ = {isa = PBXBuildFile; fileRef = 450268152A5C88E200292A69 /* forumPage.swift */; };
		450268182A5C88F100292A69 /* profilePage.swift in Sources */ = {isa = PBXBuildFile; fileRef = 450268172A5C88F100292A69 /* profilePage.swift */; };
		4502681C2A5DC73500292A69 /* startingPage.swift in Sources */ = {isa = PBXBuildFile; fileRef = 4502681B2A5DC73500292A69 /* startingPage.swift */; };
		4502681E2A608C0300292A69 /* HalfModalView.swift in Sources */ = {isa = PBXBuildFile; fileRef = 4502681D2A608C0200292A69 /* HalfModalView.swift */; };
		450268212A65E0B200292A69 /* Message.swift in Sources */ = {isa = PBXBuildFile; fileRef = 450268202A65E0B200292A69 /* Message.swift */; };
		450268232A65E0FD00292A69 /* MessageBubble.swift in Sources */ = {isa = PBXBuildFile; fileRef = 450268222A65E0FD00292A69 /* MessageBubble.swift */; };
		450268252A65E2A100292A69 /* MessageField.swift in Sources */ = {isa = PBXBuildFile; fileRef = 450268242A65E2A100292A69 /* MessageField.swift */; };
		450268272A65E54100292A69 /* GoogleService-Info.plist in Resources */ = {isa = PBXBuildFile; fileRef = 450268262A65E54100292A69 /* GoogleService-Info.plist */; };
		4502682A2A65E63D00292A69 /* FirebaseFirestore in Frameworks */ = {isa = PBXBuildFile; productRef = 450268292A65E63D00292A69 /* FirebaseFirestore */; };
		4502682C2A65E63D00292A69 /* FirebaseFirestoreSwift in Frameworks */ = {isa = PBXBuildFile; productRef = 4502682B2A65E63D00292A69 /* FirebaseFirestoreSwift */; };
		4502682E2A65E8BC00292A69 /* MessagesManager.swift in Sources */ = {isa = PBXBuildFile; fileRef = 4502682D2A65E8BC00292A69 /* MessagesManager.swift */; };
		450268302A65EB9A00292A69 /* Extensions.swift in Sources */ = {isa = PBXBuildFile; fileRef = 4502682F2A65EB9A00292A69 /* Extensions.swift */; };
		450268322A68632600292A69 /* customTabView.swift in Sources */ = {isa = PBXBuildFile; fileRef = 450268312A68632600292A69 /* customTabView.swift */; };
		450268352A6868D600292A69 /* DropDownMenuOptions.swift in Sources */ = {isa = PBXBuildFile; fileRef = 450268342A6868D600292A69 /* DropDownMenuOptions.swift */; };
		450268372A68691B00292A69 /* DropDownMenu.swift in Sources */ = {isa = PBXBuildFile; fileRef = 450268362A68691B00292A69 /* DropDownMenu.swift */; };
		450268392A68698800292A69 /* DropDownMenuList.swift in Sources */ = {isa = PBXBuildFile; fileRef = 450268382A68698800292A69 /* DropDownMenuList.swift */; };
		4502683B2A6869D700292A69 /* DropDownMenuListRow.swift in Sources */ = {isa = PBXBuildFile; fileRef = 4502683A2A6869D700292A69 /* DropDownMenuListRow.swift */; };
/* End PBXBuildFile section */

/* Begin PBXFileReference section */
		450268022A5C888500292A69 /* R-Impact.app */ = {isa = PBXFileReference; explicitFileType = wrapper.application; includeInIndex = 0; path = "R-Impact.app"; sourceTree = BUILT_PRODUCTS_DIR; };
		450268052A5C888500292A69 /* R_ImpactApp.swift */ = {isa = PBXFileReference; lastKnownFileType = sourcecode.swift; path = R_ImpactApp.swift; sourceTree = "<group>"; };
		450268072A5C888500292A69 /* ContentView.swift */ = {isa = PBXFileReference; lastKnownFileType = sourcecode.swift; path = ContentView.swift; sourceTree = "<group>"; };
		450268092A5C888700292A69 /* Assets.xcassets */ = {isa = PBXFileReference; lastKnownFileType = folder.assetcatalog; path = Assets.xcassets; sourceTree = "<group>"; };
		4502680C2A5C888700292A69 /* Preview Assets.xcassets */ = {isa = PBXFileReference; lastKnownFileType = folder.assetcatalog; path = "Preview Assets.xcassets"; sourceTree = "<group>"; };
		450268132A5C88D300292A69 /* homePage.swift */ = {isa = PBXFileReference; lastKnownFileType = sourcecode.swift; path = homePage.swift; sourceTree = "<group>"; };
		450268152A5C88E200292A69 /* forumPage.swift */ = {isa = PBXFileReference; lastKnownFileType = sourcecode.swift; path = forumPage.swift; sourceTree = "<group>"; };
		450268172A5C88F100292A69 /* profilePage.swift */ = {isa = PBXFileReference; lastKnownFileType = sourcecode.swift; path = profilePage.swift; sourceTree = "<group>"; };
		4502681B2A5DC73500292A69 /* startingPage.swift */ = {isa = PBXFileReference; lastKnownFileType = sourcecode.swift; path = startingPage.swift; sourceTree = "<group>"; };
		4502681D2A608C0200292A69 /* HalfModalView.swift */ = {isa = PBXFileReference; lastKnownFileType = sourcecode.swift; path = HalfModalView.swift; sourceTree = "<group>"; };
		450268202A65E0B200292A69 /* Message.swift */ = {isa = PBXFileReference; lastKnownFileType = sourcecode.swift; path = Message.swift; sourceTree = "<group>"; };
		450268222A65E0FD00292A69 /* MessageBubble.swift */ = {isa = PBXFileReference; lastKnownFileType = sourcecode.swift; path = MessageBubble.swift; sourceTree = "<group>"; };
		450268242A65E2A100292A69 /* MessageField.swift */ = {isa = PBXFileReference; lastKnownFileType = sourcecode.swift; path = MessageField.swift; sourceTree = "<group>"; };
		450268262A65E54100292A69 /* GoogleService-Info.plist */ = {isa = PBXFileReference; fileEncoding = 4; lastKnownFileType = text.plist.xml; path = "GoogleService-Info.plist"; sourceTree = "<group>"; };
		4502682D2A65E8BC00292A69 /* MessagesManager.swift */ = {isa = PBXFileReference; lastKnownFileType = sourcecode.swift; path = MessagesManager.swift; sourceTree = "<group>"; };
		4502682F2A65EB9A00292A69 /* Extensions.swift */ = {isa = PBXFileReference; lastKnownFileType = sourcecode.swift; path = Extensions.swift; sourceTree = "<group>"; };
		450268312A68632600292A69 /* customTabView.swift */ = {isa = PBXFileReference; lastKnownFileType = sourcecode.swift; path = customTabView.swift; sourceTree = "<group>"; };
		450268342A6868D600292A69 /* DropDownMenuOptions.swift */ = {isa = PBXFileReference; lastKnownFileType = sourcecode.swift; path = DropDownMenuOptions.swift; sourceTree = "<group>"; };
		450268362A68691B00292A69 /* DropDownMenu.swift */ = {isa = PBXFileReference; lastKnownFileType = sourcecode.swift; path = DropDownMenu.swift; sourceTree = "<group>"; };
		450268382A68698800292A69 /* DropDownMenuList.swift */ = {isa = PBXFileReference; lastKnownFileType = sourcecode.swift; path = DropDownMenuList.swift; sourceTree = "<group>"; };
		4502683A2A6869D700292A69 /* DropDownMenuListRow.swift */ = {isa = PBXFileReference; lastKnownFileType = sourcecode.swift; path = DropDownMenuListRow.swift; sourceTree = "<group>"; };
/* End PBXFileReference section */

/* Begin PBXFrameworksBuildPhase section */
		450267FF2A5C888500292A69 /* Frameworks */ = {
			isa = PBXFrameworksBuildPhase;
			buildActionMask = 2147483647;
			files = (
				4502682A2A65E63D00292A69 /* FirebaseFirestore in Frameworks */,
				4502682C2A65E63D00292A69 /* FirebaseFirestoreSwift in Frameworks */,
			);
			runOnlyForDeploymentPostprocessing = 0;
		};
/* End PBXFrameworksBuildPhase section */

/* Begin PBXGroup section */
		450267F92A5C888500292A69 = {
			isa = PBXGroup;
			children = (
				450268042A5C888500292A69 /* R-Impact */,
				450268032A5C888500292A69 /* Products */,
			);
			sourceTree = "<group>";
		};
		450268032A5C888500292A69 /* Products */ = {
			isa = PBXGroup;
			children = (
				450268022A5C888500292A69 /* R-Impact.app */,
			);
			name = Products;
			sourceTree = "<group>";
		};
		450268042A5C888500292A69 /* R-Impact */ = {
			isa = PBXGroup;
			children = (
				450268052A5C888500292A69 /* R_ImpactApp.swift */,
				450268072A5C888500292A69 /* ContentView.swift */,
				450268312A68632600292A69 /* customTabView.swift */,
				4502681B2A5DC73500292A69 /* startingPage.swift */,
				450268132A5C88D300292A69 /* homePage.swift */,
				450268172A5C88F100292A69 /* profilePage.swift */,
				4502681D2A608C0200292A69 /* HalfModalView.swift */,
				450268332A68688200292A69 /* dropDown */,
				4502681F2A65DFC500292A69 /* Forum Components */,
				450268092A5C888700292A69 /* Assets.xcassets */,
				4502680B2A5C888700292A69 /* Preview Content */,
			);
			path = "R-Impact";
			sourceTree = "<group>";
		};
		4502680B2A5C888700292A69 /* Preview Content */ = {
			isa = PBXGroup;
			children = (
				4502680C2A5C888700292A69 /* Preview Assets.xcassets */,
			);
			path = "Preview Content";
			sourceTree = "<group>";
		};
		4502681F2A65DFC500292A69 /* Forum Components */ = {
			isa = PBXGroup;
			children = (
				4502682D2A65E8BC00292A69 /* MessagesManager.swift */,
				450268262A65E54100292A69 /* GoogleService-Info.plist */,
				450268152A5C88E200292A69 /* forumPage.swift */,
				450268222A65E0FD00292A69 /* MessageBubble.swift */,
				450268242A65E2A100292A69 /* MessageField.swift */,
				450268202A65E0B200292A69 /* Message.swift */,
				4502682F2A65EB9A00292A69 /* Extensions.swift */,
			);
			path = "Forum Components";
			sourceTree = "<group>";
		};
		450268332A68688200292A69 /* dropDown */ = {
			isa = PBXGroup;
			children = (
				450268342A6868D600292A69 /* DropDownMenuOptions.swift */,
				450268362A68691B00292A69 /* DropDownMenu.swift */,
				450268382A68698800292A69 /* DropDownMenuList.swift */,
				4502683A2A6869D700292A69 /* DropDownMenuListRow.swift */,
			);
			path = dropDown;
			sourceTree = "<group>";
		};
/* End PBXGroup section */

/* Begin PBXNativeTarget section */
		450268012A5C888500292A69 /* R-Impact */ = {
			isa = PBXNativeTarget;
			buildConfigurationList = 450268102A5C888700292A69 /* Build configuration list for PBXNativeTarget "R-Impact" */;
			buildPhases = (
				450267FE2A5C888500292A69 /* Sources */,
				450267FF2A5C888500292A69 /* Frameworks */,
				450268002A5C888500292A69 /* Resources */,
			);
			buildRules = (
			);
			dependencies = (
			);
			name = "R-Impact";
			packageProductDependencies = (
				450268292A65E63D00292A69 /* FirebaseFirestore */,
				4502682B2A65E63D00292A69 /* FirebaseFirestoreSwift */,
			);
			productName = "R-Impact";
			productReference = 450268022A5C888500292A69 /* R-Impact.app */;
			productType = "com.apple.product-type.application";
		};
/* End PBXNativeTarget section */

/* Begin PBXProject section */
		450267FA2A5C888500292A69 /* Project object */ = {
			isa = PBXProject;
			attributes = {
				BuildIndependentTargetsInParallel = 1;
				LastSwiftUpdateCheck = 1430;
				LastUpgradeCheck = 1430;
				TargetAttributes = {
					450268012A5C888500292A69 = {
						CreatedOnToolsVersion = 14.3.1;
					};
				};
			};
			buildConfigurationList = 450267FD2A5C888500292A69 /* Build configuration list for PBXProject "R-Impact" */;
			compatibilityVersion = "Xcode 14.0";
			developmentRegion = en;
			hasScannedForEncodings = 0;
			knownRegions = (
				en,
				Base,
			);
			mainGroup = 450267F92A5C888500292A69;
			packageReferences = (
				450268282A65E63D00292A69 /* XCRemoteSwiftPackageReference "firebase-ios-sdk" */,
			);
			productRefGroup = 450268032A5C888500292A69 /* Products */;
			projectDirPath = "";
			projectRoot = "";
			targets = (
				450268012A5C888500292A69 /* R-Impact */,
			);
		};
/* End PBXProject section */

/* Begin PBXResourcesBuildPhase section */
		450268002A5C888500292A69 /* Resources */ = {
			isa = PBXResourcesBuildPhase;
			buildActionMask = 2147483647;
			files = (
				4502680D2A5C888700292A69 /* Preview Assets.xcassets in Resources */,
				4502680A2A5C888700292A69 /* Assets.xcassets in Resources */,
				450268272A65E54100292A69 /* GoogleService-Info.plist in Resources */,
			);
			runOnlyForDeploymentPostprocessing = 0;
		};
/* End PBXResourcesBuildPhase section */

/* Begin PBXSourcesBuildPhase section */
		450267FE2A5C888500292A69 /* Sources */ = {
			isa = PBXSourcesBuildPhase;
			buildActionMask = 2147483647;
			files = (
				450268162A5C88E200292A69 /* forumPage.swift in Sources */,
				450268142A5C88D300292A69 /* homePage.swift in Sources */,
				450268372A68691B00292A69 /* DropDownMenu.swift in Sources */,
				450268252A65E2A100292A69 /* MessageField.swift in Sources */,
				450268182A5C88F100292A69 /* profilePage.swift in Sources */,
				4502681E2A608C0300292A69 /* HalfModalView.swift in Sources */,
				450268322A68632600292A69 /* customTabView.swift in Sources */,
				450268232A65E0FD00292A69 /* MessageBubble.swift in Sources */,
				450268082A5C888500292A69 /* ContentView.swift in Sources */,
				450268302A65EB9A00292A69 /* Extensions.swift in Sources */,
				450268212A65E0B200292A69 /* Message.swift in Sources */,
				4502683B2A6869D700292A69 /* DropDownMenuListRow.swift in Sources */,
				4502682E2A65E8BC00292A69 /* MessagesManager.swift in Sources */,
				4502681C2A5DC73500292A69 /* startingPage.swift in Sources */,
				450268352A6868D600292A69 /* DropDownMenuOptions.swift in Sources */,
				450268062A5C888500292A69 /* R_ImpactApp.swift in Sources */,
				450268392A68698800292A69 /* DropDownMenuList.swift in Sources */,
			);
			runOnlyForDeploymentPostprocessing = 0;
		};
/* End PBXSourcesBuildPhase section */

/* Begin XCBuildConfiguration section */
		4502680E2A5C888700292A69 /* Debug */ = {
			isa = XCBuildConfiguration;
			buildSettings = {
				ALWAYS_SEARCH_USER_PATHS = NO;
				CLANG_ANALYZER_NONNULL = YES;
				CLANG_ANALYZER_NUMBER_OBJECT_CONVERSION = YES_AGGRESSIVE;
				CLANG_CXX_LANGUAGE_STANDARD = "gnu++20";
				CLANG_ENABLE_MODULES = YES;
				CLANG_ENABLE_OBJC_ARC = YES;
				CLANG_ENABLE_OBJC_WEAK = YES;
				CLANG_WARN_BLOCK_CAPTURE_AUTORELEASING = YES;
				CLANG_WARN_BOOL_CONVERSION = YES;
				CLANG_WARN_COMMA = YES;
				CLANG_WARN_CONSTANT_CONVERSION = YES;
				CLANG_WARN_DEPRECATED_OBJC_IMPLEMENTATIONS = YES;
				CLANG_WARN_DIRECT_OBJC_ISA_USAGE = YES_ERROR;
				CLANG_WARN_DOCUMENTATION_COMMENTS = YES;
				CLANG_WARN_EMPTY_BODY = YES;
				CLANG_WARN_ENUM_CONVERSION = YES;
				CLANG_WARN_INFINITE_RECURSION = YES;
				CLANG_WARN_INT_CONVERSION = YES;
				CLANG_WARN_NON_LITERAL_NULL_CONVERSION = YES;
				CLANG_WARN_OBJC_IMPLICIT_RETAIN_SELF = YES;
				CLANG_WARN_OBJC_LITERAL_CONVERSION = YES;
				CLANG_WARN_OBJC_ROOT_CLASS = YES_ERROR;
				CLANG_WARN_QUOTED_INCLUDE_IN_FRAMEWORK_HEADER = YES;
				CLANG_WARN_RANGE_LOOP_ANALYSIS = YES;
				CLANG_WARN_STRICT_PROTOTYPES = YES;
				CLANG_WARN_SUSPICIOUS_MOVE = YES;
				CLANG_WARN_UNGUARDED_AVAILABILITY = YES_AGGRESSIVE;
				CLANG_WARN_UNREACHABLE_CODE = YES;
				CLANG_WARN__DUPLICATE_METHOD_MATCH = YES;
				COPY_PHASE_STRIP = NO;
				DEBUG_INFORMATION_FORMAT = dwarf;
				ENABLE_STRICT_OBJC_MSGSEND = YES;
				ENABLE_TESTABILITY = YES;
				GCC_C_LANGUAGE_STANDARD = gnu11;
				GCC_DYNAMIC_NO_PIC = NO;
				GCC_NO_COMMON_BLOCKS = YES;
				GCC_OPTIMIZATION_LEVEL = 0;
				GCC_PREPROCESSOR_DEFINITIONS = (
					"DEBUG=1",
					"$(inherited)",
				);
				GCC_WARN_64_TO_32_BIT_CONVERSION = YES;
				GCC_WARN_ABOUT_RETURN_TYPE = YES_ERROR;
				GCC_WARN_UNDECLARED_SELECTOR = YES;
				GCC_WARN_UNINITIALIZED_AUTOS = YES_AGGRESSIVE;
				GCC_WARN_UNUSED_FUNCTION = YES;
				GCC_WARN_UNUSED_VARIABLE = YES;
				IPHONEOS_DEPLOYMENT_TARGET = 16.4;
				MTL_ENABLE_DEBUG_INFO = INCLUDE_SOURCE;
				MTL_FAST_MATH = YES;
				ONLY_ACTIVE_ARCH = YES;
				SDKROOT = iphoneos;
				SWIFT_ACTIVE_COMPILATION_CONDITIONS = DEBUG;
				SWIFT_OPTIMIZATION_LEVEL = "-Onone";
			};
			name = Debug;
		};
		4502680F2A5C888700292A69 /* Release */ = {
			isa = XCBuildConfiguration;
			buildSettings = {
				ALWAYS_SEARCH_USER_PATHS = NO;
				CLANG_ANALYZER_NONNULL = YES;
				CLANG_ANALYZER_NUMBER_OBJECT_CONVERSION = YES_AGGRESSIVE;
				CLANG_CXX_LANGUAGE_STANDARD = "gnu++20";
				CLANG_ENABLE_MODULES = YES;
				CLANG_ENABLE_OBJC_ARC = YES;
				CLANG_ENABLE_OBJC_WEAK = YES;
				CLANG_WARN_BLOCK_CAPTURE_AUTORELEASING = YES;
				CLANG_WARN_BOOL_CONVERSION = YES;
				CLANG_WARN_COMMA = YES;
				CLANG_WARN_CONSTANT_CONVERSION = YES;
				CLANG_WARN_DEPRECATED_OBJC_IMPLEMENTATIONS = YES;
				CLANG_WARN_DIRECT_OBJC_ISA_USAGE = YES_ERROR;
				CLANG_WARN_DOCUMENTATION_COMMENTS = YES;
				CLANG_WARN_EMPTY_BODY = YES;
				CLANG_WARN_ENUM_CONVERSION = YES;
				CLANG_WARN_INFINITE_RECURSION = YES;
				CLANG_WARN_INT_CONVERSION = YES;
				CLANG_WARN_NON_LITERAL_NULL_CONVERSION = YES;
				CLANG_WARN_OBJC_IMPLICIT_RETAIN_SELF = YES;
				CLANG_WARN_OBJC_LITERAL_CONVERSION = YES;
				CLANG_WARN_OBJC_ROOT_CLASS = YES_ERROR;
				CLANG_WARN_QUOTED_INCLUDE_IN_FRAMEWORK_HEADER = YES;
				CLANG_WARN_RANGE_LOOP_ANALYSIS = YES;
				CLANG_WARN_STRICT_PROTOTYPES = YES;
				CLANG_WARN_SUSPICIOUS_MOVE = YES;
				CLANG_WARN_UNGUARDED_AVAILABILITY = YES_AGGRESSIVE;
				CLANG_WARN_UNREACHABLE_CODE = YES;
				CLANG_WARN__DUPLICATE_METHOD_MATCH = YES;
				COPY_PHASE_STRIP = NO;
				DEBUG_INFORMATION_FORMAT = "dwarf-with-dsym";
				ENABLE_NS_ASSERTIONS = NO;
				ENABLE_STRICT_OBJC_MSGSEND = YES;
				GCC_C_LANGUAGE_STANDARD = gnu11;
				GCC_NO_COMMON_BLOCKS = YES;
				GCC_WARN_64_TO_32_BIT_CONVERSION = YES;
				GCC_WARN_ABOUT_RETURN_TYPE = YES_ERROR;
				GCC_WARN_UNDECLARED_SELECTOR = YES;
				GCC_WARN_UNINITIALIZED_AUTOS = YES_AGGRESSIVE;
				GCC_WARN_UNUSED_FUNCTION = YES;
				GCC_WARN_UNUSED_VARIABLE = YES;
				IPHONEOS_DEPLOYMENT_TARGET = 16.4;
				MTL_ENABLE_DEBUG_INFO = NO;
				MTL_FAST_MATH = YES;
				SDKROOT = iphoneos;
				SWIFT_COMPILATION_MODE = wholemodule;
				SWIFT_OPTIMIZATION_LEVEL = "-O";
				VALIDATE_PRODUCT = YES;
			};
			name = Release;
		};
		450268112A5C888700292A69 /* Debug */ = {
			isa = XCBuildConfiguration;
			buildSettings = {
				ASSETCATALOG_COMPILER_APPICON_NAME = AppIcon;
				ASSETCATALOG_COMPILER_GLOBAL_ACCENT_COLOR_NAME = AccentColor;
				CODE_SIGN_STYLE = Automatic;
				CURRENT_PROJECT_VERSION = 1;
				DEVELOPMENT_ASSET_PATHS = "\"R-Impact/Preview Content\"";
				ENABLE_PREVIEWS = YES;
				GENERATE_INFOPLIST_FILE = YES;
				INFOPLIST_KEY_UIApplicationSceneManifest_Generation = YES;
				INFOPLIST_KEY_UIApplicationSupportsIndirectInputEvents = YES;
				INFOPLIST_KEY_UILaunchScreen_Generation = YES;
				INFOPLIST_KEY_UISupportedInterfaceOrientations_iPad = "UIInterfaceOrientationPortrait UIInterfaceOrientationPortraitUpsideDown UIInterfaceOrientationLandscapeLeft UIInterfaceOrientationLandscapeRight";
				INFOPLIST_KEY_UISupportedInterfaceOrientations_iPhone = "UIInterfaceOrientationPortrait UIInterfaceOrientationLandscapeLeft UIInterfaceOrientationLandscapeRight";
				LD_RUNPATH_SEARCH_PATHS = (
					"$(inherited)",
					"@executable_path/Frameworks",
				);
				MARKETING_VERSION = 1.0;
				PRODUCT_BUNDLE_IDENTIFIER = "com.Sam.R-Impact";
				PRODUCT_NAME = "$(TARGET_NAME)";
				SWIFT_EMIT_LOC_STRINGS = YES;
				SWIFT_VERSION = 5.0;
				TARGETED_DEVICE_FAMILY = "1,2";
			};
			name = Debug;
		};
		450268122A5C888700292A69 /* Release */ = {
			isa = XCBuildConfiguration;
			buildSettings = {
				ASSETCATALOG_COMPILER_APPICON_NAME = AppIcon;
				ASSETCATALOG_COMPILER_GLOBAL_ACCENT_COLOR_NAME = AccentColor;
				CODE_SIGN_STYLE = Automatic;
				CURRENT_PROJECT_VERSION = 1;
				DEVELOPMENT_ASSET_PATHS = "\"R-Impact/Preview Content\"";
				ENABLE_PREVIEWS = YES;
				GENERATE_INFOPLIST_FILE = YES;
				INFOPLIST_KEY_UIApplicationSceneManifest_Generation = YES;
				INFOPLIST_KEY_UIApplicationSupportsIndirectInputEvents = YES;
				INFOPLIST_KEY_UILaunchScreen_Generation = YES;
				INFOPLIST_KEY_UISupportedInterfaceOrientations_iPad = "UIInterfaceOrientationPortrait UIInterfaceOrientationPortraitUpsideDown UIInterfaceOrientationLandscapeLeft UIInterfaceOrientationLandscapeRight";
				INFOPLIST_KEY_UISupportedInterfaceOrientations_iPhone = "UIInterfaceOrientationPortrait UIInterfaceOrientationLandscapeLeft UIInterfaceOrientationLandscapeRight";
				LD_RUNPATH_SEARCH_PATHS = (
					"$(inherited)",
					"@executable_path/Frameworks",
				);
				MARKETING_VERSION = 1.0;
				PRODUCT_BUNDLE_IDENTIFIER = "com.Sam.R-Impact";
				PRODUCT_NAME = "$(TARGET_NAME)";
				SWIFT_EMIT_LOC_STRINGS = YES;
				SWIFT_VERSION = 5.0;
				TARGETED_DEVICE_FAMILY = "1,2";
			};
			name = Release;
		};
/* End XCBuildConfiguration section */

/* Begin XCConfigurationList section */
		450267FD2A5C888500292A69 /* Build configuration list for PBXProject "R-Impact" */ = {
			isa = XCConfigurationList;
			buildConfigurations = (
				4502680E2A5C888700292A69 /* Debug */,
				4502680F2A5C888700292A69 /* Release */,
			);
			defaultConfigurationIsVisible = 0;
			defaultConfigurationName = Release;
		};
		450268102A5C888700292A69 /* Build configuration list for PBXNativeTarget "R-Impact" */ = {
			isa = XCConfigurationList;
			buildConfigurations = (
				450268112A5C888700292A69 /* Debug */,
				450268122A5C888700292A69 /* Release */,
			);
			defaultConfigurationIsVisible = 0;
			defaultConfigurationName = Release;
		};
/* End XCConfigurationList section */

/* Begin XCRemoteSwiftPackageReference section */
		450268282A65E63D00292A69 /* XCRemoteSwiftPackageReference "firebase-ios-sdk" */ = {
			isa = XCRemoteSwiftPackageReference;
			repositoryURL = "https://github.com/firebase/firebase-ios-sdk";
			requirement = {
				kind = upToNextMajorVersion;
				minimumVersion = 10.0.0;
			};
		};
/* End XCRemoteSwiftPackageReference section */

/* Begin XCSwiftPackageProductDependency section */
		450268292A65E63D00292A69 /* FirebaseFirestore */ = {
			isa = XCSwiftPackageProductDependency;
			package = 450268282A65E63D00292A69 /* XCRemoteSwiftPackageReference "firebase-ios-sdk" */;
			productName = FirebaseFirestore;
		};
		4502682B2A65E63D00292A69 /* FirebaseFirestoreSwift */ = {
			isa = XCSwiftPackageProductDependency;
			package = 450268282A65E63D00292A69 /* XCRemoteSwiftPackageReference "firebase-ios-sdk" */;
			productName = FirebaseFirestoreSwift;
		};
/* End XCSwiftPackageProductDependency section */
	};
	rootObject = 450267FA2A5C888500292A69 /* Project object */;
}
